
Microsoft Visual Studio Solution File, Format Version 12.00
# Visual Studio Version 17
VisualStudioVersion = 17.8.34408.163
MinimumVisualStudioVersion = 10.0.40219.1
Project("{FAE04EC0-301F-11D3-BF4B-00C04F79EFBC}") = "Bai1", "Bai1\Bai1.csproj", "{C75D1209-BAF7-4858-A3A1-0B244AA61B74}"
EndProject
Global
	GlobalSection(SolutionConfigurationPlatforms) = preSolution
		Debug|Any CPU = Debug|Any CPU
		Release|Any CPU = Release|Any CPU
	EndGlobalSection
	GlobalSection(ProjectConfigurationPlatforms) = postSolution
		{C75D1209-BAF7-4858-A3A1-0B244AA61B74}.Debug|Any CPU.ActiveCfg = Debug|Any CPU
		{C75D1209-BAF7-4858-A3A1-0B244AA61B74}.Debug|Any CPU.Build.0 = Debug|Any CPU
		{C75D1209-BAF7-4858-A3A1-0B244AA61B74}.Release|Any CPU.ActiveCfg = Release|Any CPU
		{C75D1209-BAF7-4858-A3A1-0B244AA61B74}.Release|Any CPU.Build.0 = Release|Any CPU
	EndGlobalSection
	GlobalSection(SolutionProperties) = preSolution
		HideSolutionNode = FALSE
	EndGlobalSection
	GlobalSection(ExtensibilityGlobals) = postSolution
		SolutionGuid = {E0562709-EF5D-4636-A8C5-F1224FC215FE}
	EndGlobalSection
EndGlobal
